
Microsoft Visual Studio Solution File, Format Version 12.00
# Visual Studio Version 17
VisualStudioVersion = 17.5.002.0
MinimumVisualStudioVersion = 10.0.40219.1
Project("{9A19103F-16F7-4668-BE54-9A1E7A4F7556}") = "PSFeedbackProvider", "Source\PSFeedbackProvider.csproj", "{E2E56A9E-471D-4D54-AE89-19097E0D7B88}"
EndProject
Global
	GlobalSection(SolutionConfigurationPlatforms) = preSolution
		Debug|Any CPU = Debug|Any CPU
		Release|Any CPU = Release|Any CPU
	EndGlobalSection
	GlobalSection(ProjectConfigurationPlatforms) = postSolution
		{E2E56A9E-471D-4D54-AE89-19097E0D7B88}.Debug|Any CPU.ActiveCfg = Debug|Any CPU
		{E2E56A9E-471D-4D54-AE89-19097E0D7B88}.Debug|Any CPU.Build.0 = Debug|Any CPU
		{E2E56A9E-471D-4D54-AE89-19097E0D7B88}.Release|Any CPU.ActiveCfg = Release|Any CPU
		{E2E56A9E-471D-4D54-AE89-19097E0D7B88}.Release|Any CPU.Build.0 = Release|Any CPU
	EndGlobalSection
	GlobalSection(SolutionProperties) = preSolution
		HideSolutionNode = FALSE
	EndGlobalSection
	GlobalSection(ExtensibilityGlobals) = postSolution
		SolutionGuid = {EDBC183F-8416-4BCC-A90C-4D92BE50199D}
	EndGlobalSection
EndGlobal
